
Microsoft Visual Studio Solution File, Format Version 12.00
# Visual Studio Version 16
VisualStudioVersion = 16.0.29324.140
MinimumVisualStudioVersion = 10.0.40219.1
Project("{9A19103F-16F7-4668-BE54-9A1E7A4F7556}") = "LojistaApi", "LojistaApi.csproj", "{0C259CBC-26B9-41DA-B0C6-53F4CEAD543A}"
EndProject
Project("{9A19103F-16F7-4668-BE54-9A1E7A4F7556}") = "LojistaApi.Model", "..\LojistaApi.Model\LojistaApi.Model.csproj", "{59E7F627-1E65-4620-83C6-77B675E008EF}"
EndProject
Project("{9A19103F-16F7-4668-BE54-9A1E7A4F7556}") = "LojistaApi.Util", "..\LojistaApi.Util\LojistaApi.Util.csproj", "{3DB920E7-17E3-44A2-AFA1-FBBE567FB3F0}"
EndProject
Project("{9A19103F-16F7-4668-BE54-9A1E7A4F7556}") = "LojistaApi.Negocio", "..\LojistaApi.Negocio\LojistaApi.Negocio.csproj", "{1E632D5B-FC3D-4062-8C87-5AB111AF1971}"
EndProject
Project("{9A19103F-16F7-4668-BE54-9A1E7A4F7556}") = "LojistaApi.AcessoDados", "..\LojistaApi.AcessoDados\LojistaApi.AcessoDados.csproj", "{78830B63-023B-4575-BDE3-CE4C7DD8D819}"
EndProject
Project("{FAE04EC0-301F-11D3-BF4B-00C04F79EFBC}") = "LojistaApi.Servicos", "..\LojistaApi.Servicos\LojistaApi.Servicos.csproj", "{46A8CBD5-1B52-4C44-85C1-143F38102DE2}"
EndProject
Global
	GlobalSection(SolutionConfigurationPlatforms) = preSolution
		Debug|Any CPU = Debug|Any CPU
		Release|Any CPU = Release|Any CPU
	EndGlobalSection
	GlobalSection(ProjectConfigurationPlatforms) = postSolution
		{0C259CBC-26B9-41DA-B0C6-53F4CEAD543A}.Debug|Any CPU.ActiveCfg = Debug|Any CPU
		{0C259CBC-26B9-41DA-B0C6-53F4CEAD543A}.Debug|Any CPU.Build.0 = Debug|Any CPU
		{0C259CBC-26B9-41DA-B0C6-53F4CEAD543A}.Release|Any CPU.ActiveCfg = Release|Any CPU
		{0C259CBC-26B9-41DA-B0C6-53F4CEAD543A}.Release|Any CPU.Build.0 = Release|Any CPU
		{59E7F627-1E65-4620-83C6-77B675E008EF}.Debug|Any CPU.ActiveCfg = Debug|Any CPU
		{59E7F627-1E65-4620-83C6-77B675E008EF}.Debug|Any CPU.Build.0 = Debug|Any CPU
		{59E7F627-1E65-4620-83C6-77B675E008EF}.Release|Any CPU.ActiveCfg = Release|Any CPU
		{59E7F627-1E65-4620-83C6-77B675E008EF}.Release|Any CPU.Build.0 = Release|Any CPU
		{3DB920E7-17E3-44A2-AFA1-FBBE567FB3F0}.Debug|Any CPU.ActiveCfg = Debug|Any CPU
		{3DB920E7-17E3-44A2-AFA1-FBBE567FB3F0}.Debug|Any CPU.Build.0 = Debug|Any CPU
		{3DB920E7-17E3-44A2-AFA1-FBBE567FB3F0}.Release|Any CPU.ActiveCfg = Release|Any CPU
		{3DB920E7-17E3-44A2-AFA1-FBBE567FB3F0}.Release|Any CPU.Build.0 = Release|Any CPU
		{1E632D5B-FC3D-4062-8C87-5AB111AF1971}.Debug|Any CPU.ActiveCfg = Debug|Any CPU
		{1E632D5B-FC3D-4062-8C87-5AB111AF1971}.Debug|Any CPU.Build.0 = Debug|Any CPU
		{1E632D5B-FC3D-4062-8C87-5AB111AF1971}.Release|Any CPU.ActiveCfg = Release|Any CPU
		{1E632D5B-FC3D-4062-8C87-5AB111AF1971}.Release|Any CPU.Build.0 = Release|Any CPU
		{78830B63-023B-4575-BDE3-CE4C7DD8D819}.Debug|Any CPU.ActiveCfg = Debug|Any CPU
		{78830B63-023B-4575-BDE3-CE4C7DD8D819}.Debug|Any CPU.Build.0 = Debug|Any CPU
		{78830B63-023B-4575-BDE3-CE4C7DD8D819}.Release|Any CPU.ActiveCfg = Release|Any CPU
		{78830B63-023B-4575-BDE3-CE4C7DD8D819}.Release|Any CPU.Build.0 = Release|Any CPU
		{46A8CBD5-1B52-4C44-85C1-143F38102DE2}.Debug|Any CPU.ActiveCfg = Debug|Any CPU
		{46A8CBD5-1B52-4C44-85C1-143F38102DE2}.Debug|Any CPU.Build.0 = Debug|Any CPU
		{46A8CBD5-1B52-4C44-85C1-143F38102DE2}.Release|Any CPU.ActiveCfg = Release|Any CPU
		{46A8CBD5-1B52-4C44-85C1-143F38102DE2}.Release|Any CPU.Build.0 = Release|Any CPU
	EndGlobalSection
	GlobalSection(SolutionProperties) = preSolution
		HideSolutionNode = FALSE
	EndGlobalSection
	GlobalSection(ExtensibilityGlobals) = postSolution
		SolutionGuid = {4021B9E2-3CEE-44F7-BB15-A9E5B59109DC}
	EndGlobalSection
EndGlobal
